
Microsoft Visual Studio Solution File, Format Version 12.00
# Visual Studio Version 16
VisualStudioVersion = 16.0.30804.86
MinimumVisualStudioVersion = 10.0.40219.1
Project("{FAE04EC0-301F-11D3-BF4B-00C04F79EFBC}") = "BookList Manager", "BookList Manager.csproj", "{173B006B-985B-4F09-A1B2-5857CACDB9B5}"
EndProject
Global
	GlobalSection(SolutionConfigurationPlatforms) = preSolution
		Debug|Any CPU = Debug|Any CPU
		Release|Any CPU = Release|Any CPU
	EndGlobalSection
	GlobalSection(ProjectConfigurationPlatforms) = postSolution
		{173B006B-985B-4F09-A1B2-5857CACDB9B5}.Debug|Any CPU.ActiveCfg = Debug|Any CPU
		{173B006B-985B-4F09-A1B2-5857CACDB9B5}.Debug|Any CPU.Build.0 = Debug|Any CPU
		{173B006B-985B-4F09-A1B2-5857CACDB9B5}.Release|Any CPU.ActiveCfg = Release|Any CPU
		{173B006B-985B-4F09-A1B2-5857CACDB9B5}.Release|Any CPU.Build.0 = Release|Any CPU
	EndGlobalSection
	GlobalSection(SolutionProperties) = preSolution
		HideSolutionNode = FALSE
	EndGlobalSection
	GlobalSection(ExtensibilityGlobals) = postSolution
		SolutionGuid = {8B474CD9-9B69-4C52-A87F-E479EEC68601}
	EndGlobalSection
EndGlobal
